version = 1
revision = 3
requires-python = ">=3.13"

[[package]]
name = "course-forge"
version = "0.1.0"
source = { editable = "." }
dependencies = [
    { name = "css-html-js-minify" },
    { name = "graphviz" },
    { name = "livereload" },
    { name = "mistune" },
    { name = "pyparsing" },
    { name = "schemdraw" },
]

[package.metadata]
requires-dist = [
    { name = "css-html-js-minify", specifier = ">=2.5.5" },
    { name = "graphviz", specifier = ">=0.21" },
    { name = "livereload", specifier = ">=2.7.1" },
    { name = "mistune", specifier = ">=3.1.4" },
    { name = "pyparsing", specifier = ">=3.2.5" },
    { name = "schemdraw", specifier = ">=0.22" },
]

[[package]]
name = "css-html-js-minify"
version = "2.5.5"
source = { registry = "https://pypi.org/simple" }
sdist = { url = "https://files.pythonhosted.org/packages/75/61/f52e5225abe8e36ed5396e5ae3074df5f4ef994b540e9b4fd55a39b03cfd/css-html-js-minify-2.5.5.zip", hash = "sha256:4a9f11f7e0496f5284d12111f3ba4ff5ff2023d12f15d195c9c48bd97013746c", size = 33156, upload-time = "2018-04-14T15:10:29.53Z" }
wheels = [
    { url = "https://files.pythonhosted.org/packages/e8/21/1260081a2c67105a3bd0f8692ff3c80b5f0cb5fe9f3f8fd4a990f17b8a39/css_html_js_minify-2.5.5-py2.py3-none-any.whl", hash = "sha256:3da9d35ac0db8ca648c1b543e0e801d7ca0bab9e6bfd8418fee59d5ae001727a", size = 40527, upload-time = "2018-04-14T15:10:26.667Z" },
]

[[package]]
name = "graphviz"
version = "0.21"
source = { registry = "https://pypi.org/simple" }
sdist = { url = "https://files.pythonhosted.org/packages/f8/b3/3ac91e9be6b761a4b30d66ff165e54439dcd48b83f4e20d644867215f6ca/graphviz-0.21.tar.gz", hash = "sha256:20743e7183be82aaaa8ad6c93f8893c923bd6658a04c32ee115edb3c8a835f78", size = 200434, upload-time = "2025-06-15T09:35:05.824Z" }
wheels = [
    { url = "https://files.pythonhosted.org/packages/91/4c/e0ce1ef95d4000ebc1c11801f9b944fa5910ecc15b5e351865763d8657f8/graphviz-0.21-py3-none-any.whl", hash = "sha256:54f33de9f4f911d7e84e4191749cac8cc5653f815b06738c54db9a15ab8b1e42", size = 47300, upload-time = "2025-06-15T09:35:04.433Z" },
]

[[package]]
name = "livereload"
version = "2.7.1"
source = { registry = "https://pypi.org/simple" }
dependencies = [
    { name = "tornado" },
]
sdist = { url = "https://files.pythonhosted.org/packages/43/6e/f2748665839812a9bbe5c75d3f983edbf3ab05fa5cd2f7c2f36fffdf65bd/livereload-2.7.1.tar.gz", hash = "sha256:3d9bf7c05673df06e32bea23b494b8d36ca6d10f7d5c3c8a6989608c09c986a9", size = 22255, upload-time = "2024-12-18T13:42:01.461Z" }
wheels = [
    { url = "https://files.pythonhosted.org/packages/e4/3e/de54dc7f199e85e6ca37e2e5dae2ec3bce2151e9e28f8eb9076d71e83d56/livereload-2.7.1-py3-none-any.whl", hash = "sha256:5201740078c1b9433f4b2ba22cd2729a39b9d0ec0a2cc6b4d3df257df5ad0564", size = 22657, upload-time = "2024-12-18T13:41:56.35Z" },
]

[[package]]
name = "mistune"
version = "3.1.4"
source = { registry = "https://pypi.org/simple" }
sdist = { url = "https://files.pythonhosted.org/packages/d7/02/a7fb8b21d4d55ac93cdcde9d3638da5dd0ebdd3a4fed76c7725e10b81cbe/mistune-3.1.4.tar.gz", hash = "sha256:b5a7f801d389f724ec702840c11d8fc48f2b33519102fc7ee739e8177b672164", size = 94588, upload-time = "2025-08-29T07:20:43.594Z" }
wheels = [
    { url = "https://files.pythonhosted.org/packages/7a/f0/8282d9641415e9e33df173516226b404d367a0fc55e1a60424a152913abc/mistune-3.1.4-py3-none-any.whl", hash = "sha256:93691da911e5d9d2e23bc54472892aff676df27a75274962ff9edc210364266d", size = 53481, upload-time = "2025-08-29T07:20:42.218Z" },
]

[[package]]
name = "pyparsing"
version = "3.2.5"
source = { registry = "https://pypi.org/simple" }
sdist = { url = "https://files.pythonhosted.org/packages/f2/a5/181488fc2b9d093e3972d2a472855aae8a03f000592dbfce716a512b3359/pyparsing-3.2.5.tar.gz", hash = "sha256:2df8d5b7b2802ef88e8d016a2eb9c7aeaa923529cd251ed0fe4608275d4105b6", size = 1099274, upload-time = "2025-09-21T04:11:06.277Z" }
wheels = [
    { url = "https://files.pythonhosted.org/packages/10/5e/1aa9a93198c6b64513c9d7752de7422c06402de6600a8767da1524f9570b/pyparsing-3.2.5-py3-none-any.whl", hash = "sha256:e38a4f02064cf41fe6593d328d0512495ad1f3d8a91c4f73fc401b3079a59a5e", size = 113890, upload-time = "2025-09-21T04:11:04.117Z" },
]

[[package]]
name = "schemdraw"
version = "0.22"
source = { registry = "https://pypi.org/simple" }
sdist = { url = "https://files.pythonhosted.org/packages/6a/0e/3d2a9c2541ced42877e8b6049fb17c093329ccb81344529dc12a33d4c118/schemdraw-0.22.tar.gz", hash = "sha256:59d1fcfe817f93f8bfc37a3f4645186dc03316bbcfd9ac68804fd6cb3aa69f51", size = 10881350, upload-time = "2025-11-30T23:45:03.279Z" }
wheels = [
    { url = "https://files.pythonhosted.org/packages/a0/ab/b281071bc11555670a82c538e4be35e7f5ad5e4cb4de7ac356a05a4b2c6a/schemdraw-0.22-py3-none-any.whl", hash = "sha256:fb294fe086b89a7dc9bedce43dc39014a9b9e369864eab438f22009c9f0e1175", size = 148359, upload-time = "2025-11-30T23:42:04.794Z" },
]

[[package]]
name = "tornado"
version = "6.5.2"
source = { registry = "https://pypi.org/simple" }
sdist = { url = "https://files.pythonhosted.org/packages/09/ce/1eb500eae19f4648281bb2186927bb062d2438c2e5093d1360391afd2f90/tornado-6.5.2.tar.gz", hash = "sha256:ab53c8f9a0fa351e2c0741284e06c7a45da86afb544133201c5cc8578eb076a0", size = 510821, upload-time = "2025-08-08T18:27:00.78Z" }
wheels = [
    { url = "https://files.pythonhosted.org/packages/f6/48/6a7529df2c9cc12efd2e8f5dd219516184d703b34c06786809670df5b3bd/tornado-6.5.2-cp39-abi3-macosx_10_9_universal2.whl", hash = "sha256:2436822940d37cde62771cff8774f4f00b3c8024fe482e16ca8387b8a2724db6", size = 442563, upload-time = "2025-08-08T18:26:42.945Z" },
    { url = "https://files.pythonhosted.org/packages/f2/b5/9b575a0ed3e50b00c40b08cbce82eb618229091d09f6d14bce80fc01cb0b/tornado-6.5.2-cp39-abi3-macosx_10_9_x86_64.whl", hash = "sha256:583a52c7aa94ee046854ba81d9ebb6c81ec0fd30386d96f7640c96dad45a03ef", size = 440729, upload-time = "2025-08-08T18:26:44.473Z" },
    { url = "https://files.pythonhosted.org/packages/1b/4e/619174f52b120efcf23633c817fd3fed867c30bff785e2cd5a53a70e483c/tornado-6.5.2-cp39-abi3-manylinux_2_17_aarch64.manylinux2014_aarch64.whl", hash = "sha256:b0fe179f28d597deab2842b86ed4060deec7388f1fd9c1b4a41adf8af058907e", size = 444295, upload-time = "2025-08-08T18:26:46.021Z" },
    { url = "https://files.pythonhosted.org/packages/95/fa/87b41709552bbd393c85dd18e4e3499dcd8983f66e7972926db8d96aa065/tornado-6.5.2-cp39-abi3-manylinux_2_5_i686.manylinux1_i686.manylinux_2_17_i686.manylinux2014_i686.whl", hash = "sha256:b186e85d1e3536d69583d2298423744740986018e393d0321df7340e71898882", size = 443644, upload-time = "2025-08-08T18:26:47.625Z" },
    { url = "https://files.pythonhosted.org/packages/f9/41/fb15f06e33d7430ca89420283a8762a4e6b8025b800ea51796ab5e6d9559/tornado-6.5.2-cp39-abi3-manylinux_2_5_x86_64.manylinux1_x86_64.manylinux_2_17_x86_64.manylinux2014_x86_64.whl", hash = "sha256:e792706668c87709709c18b353da1f7662317b563ff69f00bab83595940c7108", size = 443878, upload-time = "2025-08-08T18:26:50.599Z" },
    { url = "https://files.pythonhosted.org/packages/11/92/fe6d57da897776ad2e01e279170ea8ae726755b045fe5ac73b75357a5a3f/tornado-6.5.2-cp39-abi3-musllinux_1_2_aarch64.whl", hash = "sha256:06ceb1300fd70cb20e43b1ad8aaee0266e69e7ced38fa910ad2e03285009ce7c", size = 444549, upload-time = "2025-08-08T18:26:51.864Z" },
    { url = "https://files.pythonhosted.org/packages/9b/02/c8f4f6c9204526daf3d760f4aa555a7a33ad0e60843eac025ccfd6ff4a93/tornado-6.5.2-cp39-abi3-musllinux_1_2_i686.whl", hash = "sha256:74db443e0f5251be86cbf37929f84d8c20c27a355dd452a5cfa2aada0d001ec4", size = 443973, upload-time = "2025-08-08T18:26:53.625Z" },
    { url = "https://files.pythonhosted.org/packages/ae/2d/f5f5707b655ce2317190183868cd0f6822a1121b4baeae509ceb9590d0bd/tornado-6.5.2-cp39-abi3-musllinux_1_2_x86_64.whl", hash = "sha256:b5e735ab2889d7ed33b32a459cac490eda71a1ba6857b0118de476ab6c366c04", size = 443954, upload-time = "2025-08-08T18:26:55.072Z" },
    { url = "https://files.pythonhosted.org/packages/e8/59/593bd0f40f7355806bf6573b47b8c22f8e1374c9b6fd03114bd6b7a3dcfd/tornado-6.5.2-cp39-abi3-win32.whl", hash = "sha256:c6f29e94d9b37a95013bb669616352ddb82e3bfe8326fccee50583caebc8a5f0", size = 445023, upload-time = "2025-08-08T18:26:56.677Z" },
    { url = "https://files.pythonhosted.org/packages/c7/2a/f609b420c2f564a748a2d80ebfb2ee02a73ca80223af712fca591386cafb/tornado-6.5.2-cp39-abi3-win_amd64.whl", hash = "sha256:e56a5af51cc30dd2cae649429af65ca2f6571da29504a07995175df14c18f35f", size = 445427, upload-time = "2025-08-08T18:26:57.91Z" },
    { url = "https://files.pythonhosted.org/packages/5e/4f/e1f65e8f8c76d73658b33d33b81eed4322fb5085350e4328d5c956f0c8f9/tornado-6.5.2-cp39-abi3-win_arm64.whl", hash = "sha256:d6c33dc3672e3a1f3618eb63b7ef4683a7688e7b9e6e8f0d9aa5726360a004af", size = 444456, upload-time = "2025-08-08T18:26:59.207Z" },
]
